Microsoft Visual Studio Solution File, Format Version 12.00
# Visual Studio Version 17
VisualStudioVersion = 17.13.35913.81
MinimumVisualStudioVersion = 10.0.40219.1
Project("{FAE04EC0-301F-11D3-BF4B-00C04F79EFBC}") = "OWO_BladeAndSorcery", "OWO_BladeAndSorcery.csproj", "{8959F546-6D29-4E47-B051-AC0503A0730E}"
EndProject
Global
	GlobalSection(SolutionConfigurationPlatforms) = preSolution
		Debug|Any CPU = Debug|Any CPU
		Release|Any CPU = Release|Any CPU
	EndGlobalSection
	GlobalSection(ProjectConfigurationPlatforms) = postSolution
		{8959F546-6D29-4E47-B051-AC0503A0730E}.Debug|Any CPU.ActiveCfg = Debug|Any CPU
		{8959F546-6D29-4E47-B051-AC0503A0730E}.Debug|Any CPU.Build.0 = Debug|Any CPU
		{8959F546-6D29-4E47-B051-AC0503A0730E}.Release|Any CPU.ActiveCfg = Release|Any CPU
		{8959F546-6D29-4E47-B051-AC0503A0730E}.Release|Any CPU.Build.0 = Release|Any CPU
	EndGlobalSection
	GlobalSection(SolutionProperties) = preSolution
		HideSolutionNode = FALSE
	EndGlobalSection
	GlobalSection(ExtensibilityGlobals) = postSolution
		SolutionGuid = {938DFC26-ED85-4853-ADD8-F700F2CE80E6}
	EndGlobalSection
EndGlobal
